
Microsoft Visual Studio Solution File, Format Version 12.00
# Visual Studio Version 17
VisualStudioVersion = 17.7.34031.279
MinimumVisualStudioVersion = 10.0.40219.1
Project("{FAE04EC0-301F-11D3-BF4B-00C04F79EFBC}") = "Учеба C#", "Учеба C#\Учеба C#.csproj", "{1AB479E5-FCB5-4BF5-AF1A-BDAB4AF157CE}"
EndProject
Project("{FAE04EC0-301F-11D3-BF4B-00C04F79EFBC}") = "Функции", "Функции\Функции.csproj", "{912B83D0-3307-45B5-AF90-189DBC8FB388}"
EndProject
Project("{FAE04EC0-301F-11D3-BF4B-00C04F79EFBC}") = "Packman", "Packman\Packman.csproj", "{D4B767B8-48D5-40C7-9AE2-76FA60CB117E}"
EndProject
Project("{FAE04EC0-301F-11D3-BF4B-00C04F79EFBC}") = "Классы", "Классы\Классы.csproj", "{5FCA179D-FF00-4967-9A9D-360CD76C528B}"
EndProject
Project("{FAE04EC0-301F-11D3-BF4B-00C04F79EFBC}") = "Бронирование в кафе", "Бронирование в кафе\Бронирование в кафе.csproj", "{1543C5D1-30B5-4669-99C5-EAC0E7A3E332}"
EndProject
Project("{FAE04EC0-301F-11D3-BF4B-00C04F79EFBC}") = "Паттерн цикл обновления", "Паттерн цикл обновления\Паттерн цикл обновления.csproj", "{A85C5FBB-C794-4F0C-A8C4-0226E81533E8}"
EndProject
Project("{FAE04EC0-301F-11D3-BF4B-00C04F79EFBC}") = "Интерфейсы", "Интерфейсы\Интерфейсы.csproj", "{58BF6198-94A2-47AE-B3A7-F24FA0AFEF94}"
EndProject
Project("{FAE04EC0-301F-11D3-BF4B-00C04F79EFBC}") = "Статический класс и конструктор", "Статический класс и конструктор\Статический класс и конструктор.csproj", "{01A1ABC9-8A39-4E43-AEB7-414791E69C47}"
EndProject
Project("{FAE04EC0-301F-11D3-BF4B-00C04F79EFBC}") = "Структура", "Структура\Структура.csproj", "{31994EF2-4D1B-4F86-8133-FA8F755E08CE}"
EndProject
Project("{FAE04EC0-301F-11D3-BF4B-00C04F79EFBC}") = "Симулятор компьютерного клуба", "Симулятор компьютерного клуба\Симулятор компьютерного клуба.csproj", "{46B3F50C-5D62-4882-A76C-1DA8DF3C29A6}"
EndProject
Project("{FAE04EC0-301F-11D3-BF4B-00C04F79EFBC}") = "Upcasting и Downcasting", "Upcasting и Downcasting\Upcasting и Downcasting.csproj", "{92E8E264-C5AB-41CA-B228-56449F36DC4C}"
EndProject
Project("{FAE04EC0-301F-11D3-BF4B-00C04F79EFBC}") = "Enum", "Enum\Enum.csproj", "{325E663C-93E0-487D-A881-E81CDA3DF783}"
EndProject
Project("{FAE04EC0-301F-11D3-BF4B-00C04F79EFBC}") = "метод пузырька сортировка", "метод пузырька сортировка\метод пузырька сортировка.csproj", "{E5BA84C9-9809-4CAB-9A97-297D608AF5AE}"
EndProject
Project("{FAE04EC0-301F-11D3-BF4B-00C04F79EFBC}") = "многомерные массивы", "многомерные массивы\многомерные массивы.csproj", "{C6A5129B-D5DD-4E06-AD75-0C844F015421}"
EndProject
Project("{FAE04EC0-301F-11D3-BF4B-00C04F79EFBC}") = "статические методы с рекурсией", "статические методы с рекурсией\статические методы с рекурсией.csproj", "{A23F2DF8-5FFB-457E-89FA-2648232B445E}"
EndProject
Project("{FAE04EC0-301F-11D3-BF4B-00C04F79EFBC}") = "методы с произвольным количеством аргументов", "методы с произвольным количеством аргументов\методы с произвольным количеством аргументов.csproj", "{C07AD449-0470-48D6-AB98-13BD94037775}"
EndProject
Project("{FAE04EC0-301F-11D3-BF4B-00C04F79EFBC}") = "слово tihs", "слово tihs\слово tihs.csproj", "{639BF280-0ED6-40AD-883A-73B239097480}"
EndProject
Project("{FAE04EC0-301F-11D3-BF4B-00C04F79EFBC}") = "глава 6 домашка", "глава 6 домашка\глава 6 домашка.csproj", "{A936A73E-FD82-4605-B319-537E37619C55}"
EndProject
Project("{FAE04EC0-301F-11D3-BF4B-00C04F79EFBC}") = "7.1 работа с текстом", "7.1 работа с текстом\7.1 работа с текстом.csproj", "{71F9B54C-C85A-43A7-BB67-C96BEE25AD7D}"
EndProject
Project("{FAE04EC0-301F-11D3-BF4B-00C04F79EFBC}") = "7.2 перебор символов в тексте", "7.2 перебор символов в тексте\7.2 перебор символов в тексте.csproj", "{A605D6EC-1990-4638-A0F1-B9CE4253AFDB}"
EndProject
Project("{FAE04EC0-301F-11D3-BF4B-00C04F79EFBC}") = "7.3 сравнение текстовых строк", "7.3 сравнение текстовых строк\7.3 сравнение текстовых строк.csproj", "{676AEFCE-99AA-4916-8148-956AEDFBFD96}"
EndProject
Project("{FAE04EC0-301F-11D3-BF4B-00C04F79EFBC}") = "7.4 поиск по тексту", "7.4 поиск по тексту\7.4 поиск по тексту.csproj", "{C74FB119-B1F8-45FA-9467-A421C7B6114E}"
EndProject
Project("{FAE04EC0-301F-11D3-BF4B-00C04F79EFBC}") = "7.5 вставка и замена текста", "7.5 вставка и замена текста\7.5 вставка и замена текста.csproj", "{C7C993CA-FD4C-4449-8CAE-D8FE6D74FC95}"
EndProject
Project("{FAE04EC0-301F-11D3-BF4B-00C04F79EFBC}") = "7.6 разбиение строк и регистр символов", "7.6 разбиение строк и регистр символов\7.6 разбиение строк и регистр символов.csproj", "{12F87C68-108C-4EA6-9F82-6EC495201538}"
EndProject
Project("{FAE04EC0-301F-11D3-BF4B-00C04F79EFBC}") = "7.7 переопределение метода ToString()", "7.7 переопределение метода ToString()\7.7 переопределение метода ToString().csproj", "{FA15B4C7-F94A-4F65-A8D0-89260367A9E1}"
EndProject
Project("{FAE04EC0-301F-11D3-BF4B-00C04F79EFBC}") = "7 глава домашка", "7 глава домашка\7 глава домашка.csproj", "{65F7D659-FAB2-48FA-B3A6-532661ACBA65}"
EndProject
Project("{FAE04EC0-301F-11D3-BF4B-00C04F79EFBC}") = "8.1 знакомство с перегрузкой операторов", "8.1 знакомство с перегрузкой операторов\8.1 знакомство с перегрузкой операторов.csproj", "{32D23FA4-7789-48C8-BA6C-485F23C2E4BB}"
EndProject
Project("{FAE04EC0-301F-11D3-BF4B-00C04F79EFBC}") = "8.2 ещё перегрузка оператора плюс", "8.2 ещё перегрузка оператора плюс\8.2 ещё перегрузка оператора плюс.csproj", "{6D131625-0354-4230-843C-E7836D620DBE}"
EndProject
Project("{FAE04EC0-301F-11D3-BF4B-00C04F79EFBC}") = "8.3 перегрузка арифметических и побитовых операторов", "8.3 перегрузка арифметических и побитовых операторов\8.3 перегрузка арифметических и побитовых операторов.csproj", "{1D3037AB-EF9E-43FC-80AE-DDA805072D31}"
EndProject
Project("{2150E333-8FDC-42A3-9474-1A3956D46DE8}") = "Lessons", "Lessons", "{C11CA2D4-2D04-4E77-8336-ACD17B47D68A}"
EndProject
Global
	GlobalSection(SolutionConfigurationPlatforms) = preSolution
		Debug|Any CPU = Debug|Any CPU
		Release|Any CPU = Release|Any CPU
	EndGlobalSection
	GlobalSection(ProjectConfigurationPlatforms) = postSolution
		{1AB479E5-FCB5-4BF5-AF1A-BDAB4AF157CE}.Debug|Any CPU.ActiveCfg = Debug|Any CPU
		{1AB479E5-FCB5-4BF5-AF1A-BDAB4AF157CE}.Debug|Any CPU.Build.0 = Debug|Any CPU
		{1AB479E5-FCB5-4BF5-AF1A-BDAB4AF157CE}.Release|Any CPU.ActiveCfg = Release|Any CPU
		{1AB479E5-FCB5-4BF5-AF1A-BDAB4AF157CE}.Release|Any CPU.Build.0 = Release|Any CPU
		{912B83D0-3307-45B5-AF90-189DBC8FB388}.Debug|Any CPU.ActiveCfg = Debug|Any CPU
		{912B83D0-3307-45B5-AF90-189DBC8FB388}.Debug|Any CPU.Build.0 = Debug|Any CPU
		{912B83D0-3307-45B5-AF90-189DBC8FB388}.Release|Any CPU.ActiveCfg = Release|Any CPU
		{912B83D0-3307-45B5-AF90-189DBC8FB388}.Release|Any CPU.Build.0 = Release|Any CPU
		{D4B767B8-48D5-40C7-9AE2-76FA60CB117E}.Debug|Any CPU.ActiveCfg = Debug|Any CPU
		{D4B767B8-48D5-40C7-9AE2-76FA60CB117E}.Debug|Any CPU.Build.0 = Debug|Any CPU
		{D4B767B8-48D5-40C7-9AE2-76FA60CB117E}.Release|Any CPU.ActiveCfg = Release|Any CPU
		{D4B767B8-48D5-40C7-9AE2-76FA60CB117E}.Release|Any CPU.Build.0 = Release|Any CPU
		{5FCA179D-FF00-4967-9A9D-360CD76C528B}.Debug|Any CPU.ActiveCfg = Debug|Any CPU
		{5FCA179D-FF00-4967-9A9D-360CD76C528B}.Debug|Any CPU.Build.0 = Debug|Any CPU
		{5FCA179D-FF00-4967-9A9D-360CD76C528B}.Release|Any CPU.ActiveCfg = Release|Any CPU
		{5FCA179D-FF00-4967-9A9D-360CD76C528B}.Release|Any CPU.Build.0 = Release|Any CPU
		{1543C5D1-30B5-4669-99C5-EAC0E7A3E332}.Debug|Any CPU.ActiveCfg = Debug|Any CPU
		{1543C5D1-30B5-4669-99C5-EAC0E7A3E332}.Debug|Any CPU.Build.0 = Debug|Any CPU
		{1543C5D1-30B5-4669-99C5-EAC0E7A3E332}.Release|Any CPU.ActiveCfg = Release|Any CPU
		{1543C5D1-30B5-4669-99C5-EAC0E7A3E332}.Release|Any CPU.Build.0 = Release|Any CPU
		{A85C5FBB-C794-4F0C-A8C4-0226E81533E8}.Debug|Any CPU.ActiveCfg = Debug|Any CPU
		{A85C5FBB-C794-4F0C-A8C4-0226E81533E8}.Debug|Any CPU.Build.0 = Debug|Any CPU
		{A85C5FBB-C794-4F0C-A8C4-0226E81533E8}.Release|Any CPU.ActiveCfg = Release|Any CPU
		{A85C5FBB-C794-4F0C-A8C4-0226E81533E8}.Release|Any CPU.Build.0 = Release|Any CPU
		{58BF6198-94A2-47AE-B3A7-F24FA0AFEF94}.Debug|Any CPU.ActiveCfg = Debug|Any CPU
		{58BF6198-94A2-47AE-B3A7-F24FA0AFEF94}.Debug|Any CPU.Build.0 = Debug|Any CPU
		{58BF6198-94A2-47AE-B3A7-F24FA0AFEF94}.Release|Any CPU.ActiveCfg = Release|Any CPU
		{58BF6198-94A2-47AE-B3A7-F24FA0AFEF94}.Release|Any CPU.Build.0 = Release|Any CPU
		{01A1ABC9-8A39-4E43-AEB7-414791E69C47}.Debug|Any CPU.ActiveCfg = Debug|Any CPU
		{01A1ABC9-8A39-4E43-AEB7-414791E69C47}.Debug|Any CPU.Build.0 = Debug|Any CPU
		{01A1ABC9-8A39-4E43-AEB7-414791E69C47}.Release|Any CPU.ActiveCfg = Release|Any CPU
		{01A1ABC9-8A39-4E43-AEB7-414791E69C47}.Release|Any CPU.Build.0 = Release|Any CPU
		{31994EF2-4D1B-4F86-8133-FA8F755E08CE}.Debug|Any CPU.ActiveCfg = Debug|Any CPU
		{31994EF2-4D1B-4F86-8133-FA8F755E08CE}.Debug|Any CPU.Build.0 = Debug|Any CPU
		{31994EF2-4D1B-4F86-8133-FA8F755E08CE}.Release|Any CPU.ActiveCfg = Release|Any CPU
		{31994EF2-4D1B-4F86-8133-FA8F755E08CE}.Release|Any CPU.Build.0 = Release|Any CPU
		{46B3F50C-5D62-4882-A76C-1DA8DF3C29A6}.Debug|Any CPU.ActiveCfg = Debug|Any CPU
		{46B3F50C-5D62-4882-A76C-1DA8DF3C29A6}.Debug|Any CPU.Build.0 = Debug|Any CPU
		{46B3F50C-5D62-4882-A76C-1DA8DF3C29A6}.Release|Any CPU.ActiveCfg = Release|Any CPU
		{46B3F50C-5D62-4882-A76C-1DA8DF3C29A6}.Release|Any CPU.Build.0 = Release|Any CPU
		{92E8E264-C5AB-41CA-B228-56449F36DC4C}.Debug|Any CPU.ActiveCfg = Debug|Any CPU
		{92E8E264-C5AB-41CA-B228-56449F36DC4C}.Debug|Any CPU.Build.0 = Debug|Any CPU
		{92E8E264-C5AB-41CA-B228-56449F36DC4C}.Release|Any CPU.ActiveCfg = Release|Any CPU
		{92E8E264-C5AB-41CA-B228-56449F36DC4C}.Release|Any CPU.Build.0 = Release|Any CPU
		{325E663C-93E0-487D-A881-E81CDA3DF783}.Debug|Any CPU.ActiveCfg = Debug|Any CPU
		{325E663C-93E0-487D-A881-E81CDA3DF783}.Debug|Any CPU.Build.0 = Debug|Any CPU
		{325E663C-93E0-487D-A881-E81CDA3DF783}.Release|Any CPU.ActiveCfg = Release|Any CPU
		{325E663C-93E0-487D-A881-E81CDA3DF783}.Release|Any CPU.Build.0 = Release|Any CPU
		{E5BA84C9-9809-4CAB-9A97-297D608AF5AE}.Debug|Any CPU.ActiveCfg = Debug|Any CPU
		{E5BA84C9-9809-4CAB-9A97-297D608AF5AE}.Debug|Any CPU.Build.0 = Debug|Any CPU
		{E5BA84C9-9809-4CAB-9A97-297D608AF5AE}.Release|Any CPU.ActiveCfg = Release|Any CPU
		{E5BA84C9-9809-4CAB-9A97-297D608AF5AE}.Release|Any CPU.Build.0 = Release|Any CPU
		{C6A5129B-D5DD-4E06-AD75-0C844F015421}.Debug|Any CPU.ActiveCfg = Debug|Any CPU
		{C6A5129B-D5DD-4E06-AD75-0C844F015421}.Debug|Any CPU.Build.0 = Debug|Any CPU
		{C6A5129B-D5DD-4E06-AD75-0C844F015421}.Release|Any CPU.ActiveCfg = Release|Any CPU
		{C6A5129B-D5DD-4E06-AD75-0C844F015421}.Release|Any CPU.Build.0 = Release|Any CPU
		{A23F2DF8-5FFB-457E-89FA-2648232B445E}.Debug|Any CPU.ActiveCfg = Debug|Any CPU
		{A23F2DF8-5FFB-457E-89FA-2648232B445E}.Debug|Any CPU.Build.0 = Debug|Any CPU
		{A23F2DF8-5FFB-457E-89FA-2648232B445E}.Release|Any CPU.ActiveCfg = Release|Any CPU
		{A23F2DF8-5FFB-457E-89FA-2648232B445E}.Release|Any CPU.Build.0 = Release|Any CPU
		{C07AD449-0470-48D6-AB98-13BD94037775}.Debug|Any CPU.ActiveCfg = Debug|Any CPU
		{C07AD449-0470-48D6-AB98-13BD94037775}.Debug|Any CPU.Build.0 = Debug|Any CPU
		{C07AD449-0470-48D6-AB98-13BD94037775}.Release|Any CPU.ActiveCfg = Release|Any CPU
		{C07AD449-0470-48D6-AB98-13BD94037775}.Release|Any CPU.Build.0 = Release|Any CPU
		{639BF280-0ED6-40AD-883A-73B239097480}.Debug|Any CPU.ActiveCfg = Debug|Any CPU
		{639BF280-0ED6-40AD-883A-73B239097480}.Debug|Any CPU.Build.0 = Debug|Any CPU
		{639BF280-0ED6-40AD-883A-73B239097480}.Release|Any CPU.ActiveCfg = Release|Any CPU
		{639BF280-0ED6-40AD-883A-73B239097480}.Release|Any CPU.Build.0 = Release|Any CPU
		{A936A73E-FD82-4605-B319-537E37619C55}.Debug|Any CPU.ActiveCfg = Debug|Any CPU
		{A936A73E-FD82-4605-B319-537E37619C55}.Debug|Any CPU.Build.0 = Debug|Any CPU
		{A936A73E-FD82-4605-B319-537E37619C55}.Release|Any CPU.ActiveCfg = Release|Any CPU
		{A936A73E-FD82-4605-B319-537E37619C55}.Release|Any CPU.Build.0 = Release|Any CPU
		{71F9B54C-C85A-43A7-BB67-C96BEE25AD7D}.Debug|Any CPU.ActiveCfg = Debug|Any CPU
		{71F9B54C-C85A-43A7-BB67-C96BEE25AD7D}.Debug|Any CPU.Build.0 = Debug|Any CPU
		{71F9B54C-C85A-43A7-BB67-C96BEE25AD7D}.Release|Any CPU.ActiveCfg = Release|Any CPU
		{71F9B54C-C85A-43A7-BB67-C96BEE25AD7D}.Release|Any CPU.Build.0 = Release|Any CPU
		{A605D6EC-1990-4638-A0F1-B9CE4253AFDB}.Debug|Any CPU.ActiveCfg = Debug|Any CPU
		{A605D6EC-1990-4638-A0F1-B9CE4253AFDB}.Debug|Any CPU.Build.0 = Debug|Any CPU
		{A605D6EC-1990-4638-A0F1-B9CE4253AFDB}.Release|Any CPU.ActiveCfg = Release|Any CPU
		{A605D6EC-1990-4638-A0F1-B9CE4253AFDB}.Release|Any CPU.Build.0 = Release|Any CPU
		{676AEFCE-99AA-4916-8148-956AEDFBFD96}.Debug|Any CPU.ActiveCfg = Debug|Any CPU
		{676AEFCE-99AA-4916-8148-956AEDFBFD96}.Debug|Any CPU.Build.0 = Debug|Any CPU
		{676AEFCE-99AA-4916-8148-956AEDFBFD96}.Release|Any CPU.ActiveCfg = Release|Any CPU
		{676AEFCE-99AA-4916-8148-956AEDFBFD96}.Release|Any CPU.Build.0 = Release|Any CPU
		{C74FB119-B1F8-45FA-9467-A421C7B6114E}.Debug|Any CPU.ActiveCfg = Debug|Any CPU
		{C74FB119-B1F8-45FA-9467-A421C7B6114E}.Debug|Any CPU.Build.0 = Debug|Any CPU
		{C74FB119-B1F8-45FA-9467-A421C7B6114E}.Release|Any CPU.ActiveCfg = Release|Any CPU
		{C74FB119-B1F8-45FA-9467-A421C7B6114E}.Release|Any CPU.Build.0 = Release|Any CPU
		{C7C993CA-FD4C-4449-8CAE-D8FE6D74FC95}.Debug|Any CPU.ActiveCfg = Debug|Any CPU
		{C7C993CA-FD4C-4449-8CAE-D8FE6D74FC95}.Debug|Any CPU.Build.0 = Debug|Any CPU
		{C7C993CA-FD4C-4449-8CAE-D8FE6D74FC95}.Release|Any CPU.ActiveCfg = Release|Any CPU
		{C7C993CA-FD4C-4449-8CAE-D8FE6D74FC95}.Release|Any CPU.Build.0 = Release|Any CPU
		{12F87C68-108C-4EA6-9F82-6EC495201538}.Debug|Any CPU.ActiveCfg = Debug|Any CPU
		{12F87C68-108C-4EA6-9F82-6EC495201538}.Debug|Any CPU.Build.0 = Debug|Any CPU
		{12F87C68-108C-4EA6-9F82-6EC495201538}.Release|Any CPU.ActiveCfg = Release|Any CPU
		{12F87C68-108C-4EA6-9F82-6EC495201538}.Release|Any CPU.Build.0 = Release|Any CPU
		{FA15B4C7-F94A-4F65-A8D0-89260367A9E1}.Debug|Any CPU.ActiveCfg = Debug|Any CPU
		{FA15B4C7-F94A-4F65-A8D0-89260367A9E1}.Debug|Any CPU.Build.0 = Debug|Any CPU
		{FA15B4C7-F94A-4F65-A8D0-89260367A9E1}.Release|Any CPU.ActiveCfg = Release|Any CPU
		{FA15B4C7-F94A-4F65-A8D0-89260367A9E1}.Release|Any CPU.Build.0 = Release|Any CPU
		{65F7D659-FAB2-48FA-B3A6-532661ACBA65}.Debug|Any CPU.ActiveCfg = Debug|Any CPU
		{65F7D659-FAB2-48FA-B3A6-532661ACBA65}.Debug|Any CPU.Build.0 = Debug|Any CPU
		{65F7D659-FAB2-48FA-B3A6-532661ACBA65}.Release|Any CPU.ActiveCfg = Release|Any CPU
		{65F7D659-FAB2-48FA-B3A6-532661ACBA65}.Release|Any CPU.Build.0 = Release|Any CPU
		{32D23FA4-7789-48C8-BA6C-485F23C2E4BB}.Debug|Any CPU.ActiveCfg = Debug|Any CPU
		{32D23FA4-7789-48C8-BA6C-485F23C2E4BB}.Debug|Any CPU.Build.0 = Debug|Any CPU
		{32D23FA4-7789-48C8-BA6C-485F23C2E4BB}.Release|Any CPU.ActiveCfg = Release|Any CPU
		{32D23FA4-7789-48C8-BA6C-485F23C2E4BB}.Release|Any CPU.Build.0 = Release|Any CPU
		{6D131625-0354-4230-843C-E7836D620DBE}.Debug|Any CPU.ActiveCfg = Debug|Any CPU
		{6D131625-0354-4230-843C-E7836D620DBE}.Debug|Any CPU.Build.0 = Debug|Any CPU
		{6D131625-0354-4230-843C-E7836D620DBE}.Release|Any CPU.ActiveCfg = Release|Any CPU
		{6D131625-0354-4230-843C-E7836D620DBE}.Release|Any CPU.Build.0 = Release|Any CPU
		{1D3037AB-EF9E-43FC-80AE-DDA805072D31}.Debug|Any CPU.ActiveCfg = Debug|Any CPU
		{1D3037AB-EF9E-43FC-80AE-DDA805072D31}.Debug|Any CPU.Build.0 = Debug|Any CPU
		{1D3037AB-EF9E-43FC-80AE-DDA805072D31}.Release|Any CPU.ActiveCfg = Release|Any CPU
		{1D3037AB-EF9E-43FC-80AE-DDA805072D31}.Release|Any CPU.Build.0 = Release|Any CPU
	EndGlobalSection
	GlobalSection(SolutionProperties) = preSolution
		HideSolutionNode = FALSE
	EndGlobalSection
	GlobalSection(NestedProjects) = preSolution
		{1AB479E5-FCB5-4BF5-AF1A-BDAB4AF157CE} = {C11CA2D4-2D04-4E77-8336-ACD17B47D68A}
		{912B83D0-3307-45B5-AF90-189DBC8FB388} = {C11CA2D4-2D04-4E77-8336-ACD17B47D68A}
		{D4B767B8-48D5-40C7-9AE2-76FA60CB117E} = {C11CA2D4-2D04-4E77-8336-ACD17B47D68A}
		{5FCA179D-FF00-4967-9A9D-360CD76C528B} = {C11CA2D4-2D04-4E77-8336-ACD17B47D68A}
		{1543C5D1-30B5-4669-99C5-EAC0E7A3E332} = {C11CA2D4-2D04-4E77-8336-ACD17B47D68A}
		{A85C5FBB-C794-4F0C-A8C4-0226E81533E8} = {C11CA2D4-2D04-4E77-8336-ACD17B47D68A}
		{58BF6198-94A2-47AE-B3A7-F24FA0AFEF94} = {C11CA2D4-2D04-4E77-8336-ACD17B47D68A}
		{01A1ABC9-8A39-4E43-AEB7-414791E69C47} = {C11CA2D4-2D04-4E77-8336-ACD17B47D68A}
		{31994EF2-4D1B-4F86-8133-FA8F755E08CE} = {C11CA2D4-2D04-4E77-8336-ACD17B47D68A}
		{46B3F50C-5D62-4882-A76C-1DA8DF3C29A6} = {C11CA2D4-2D04-4E77-8336-ACD17B47D68A}
		{92E8E264-C5AB-41CA-B228-56449F36DC4C} = {C11CA2D4-2D04-4E77-8336-ACD17B47D68A}
		{325E663C-93E0-487D-A881-E81CDA3DF783} = {C11CA2D4-2D04-4E77-8336-ACD17B47D68A}
		{E5BA84C9-9809-4CAB-9A97-297D608AF5AE} = {C11CA2D4-2D04-4E77-8336-ACD17B47D68A}
		{C6A5129B-D5DD-4E06-AD75-0C844F015421} = {C11CA2D4-2D04-4E77-8336-ACD17B47D68A}
		{A23F2DF8-5FFB-457E-89FA-2648232B445E} = {C11CA2D4-2D04-4E77-8336-ACD17B47D68A}
		{C07AD449-0470-48D6-AB98-13BD94037775} = {C11CA2D4-2D04-4E77-8336-ACD17B47D68A}
		{639BF280-0ED6-40AD-883A-73B239097480} = {C11CA2D4-2D04-4E77-8336-ACD17B47D68A}
		{A936A73E-FD82-4605-B319-537E37619C55} = {C11CA2D4-2D04-4E77-8336-ACD17B47D68A}
		{71F9B54C-C85A-43A7-BB67-C96BEE25AD7D} = {C11CA2D4-2D04-4E77-8336-ACD17B47D68A}
		{A605D6EC-1990-4638-A0F1-B9CE4253AFDB} = {C11CA2D4-2D04-4E77-8336-ACD17B47D68A}
		{676AEFCE-99AA-4916-8148-956AEDFBFD96} = {C11CA2D4-2D04-4E77-8336-ACD17B47D68A}
		{C74FB119-B1F8-45FA-9467-A421C7B6114E} = {C11CA2D4-2D04-4E77-8336-ACD17B47D68A}
		{C7C993CA-FD4C-4449-8CAE-D8FE6D74FC95} = {C11CA2D4-2D04-4E77-8336-ACD17B47D68A}
		{12F87C68-108C-4EA6-9F82-6EC495201538} = {C11CA2D4-2D04-4E77-8336-ACD17B47D68A}
		{FA15B4C7-F94A-4F65-A8D0-89260367A9E1} = {C11CA2D4-2D04-4E77-8336-ACD17B47D68A}
		{65F7D659-FAB2-48FA-B3A6-532661ACBA65} = {C11CA2D4-2D04-4E77-8336-ACD17B47D68A}
		{32D23FA4-7789-48C8-BA6C-485F23C2E4BB} = {C11CA2D4-2D04-4E77-8336-ACD17B47D68A}
		{6D131625-0354-4230-843C-E7836D620DBE} = {C11CA2D4-2D04-4E77-8336-ACD17B47D68A}
		{1D3037AB-EF9E-43FC-80AE-DDA805072D31} = {C11CA2D4-2D04-4E77-8336-ACD17B47D68A}
	EndGlobalSection
	GlobalSection(ExtensibilityGlobals) = postSolution
		SolutionGuid = {A89AB447-7E34-4691-B217-3A843F536E70}
	EndGlobalSection
EndGlobal
